<?xml version="1.0" encoding="utf-8"?>
<Project ToolsVersion="4.0" xmlns="http://schemas.microsoft.com/developer/msbuild/2003">
  <ItemGroup>
    <Filter Include="Source Files">
      <UniqueIdentifier>{4FC737F1-C7A5-4376-A066-2A32D752A2FF}</UniqueIdentifier>
      <Extensions>cpp;c;cc;cxx;c++;cppm;ixx;def;odl;idl;hpj;bat;asm;asmx</Extensions>
    </Filter>
    <Filter Include="Header Files">
      <UniqueIdentifier>{93995380-89BD-4b04-88EB-625FBE52EBFB}</UniqueIdentifier>
      <Extensions>h;hh;hpp;hxx;h++;hm;inl;inc;ipp;xsd</Extensions>
    </Filter>
    <Filter Include="Resource Files">
      <UniqueIdentifier>{67DA6AB6-F800-4c08-8B7A-83BB121AAD01}</UniqueIdentifier>
      <Extensions>rc;ico;cur;bmp;dlg;rc2;rct;bin;rgs;gif;jpg;jpeg;jpe;resx;tiff;tif;png;wav;mfcribbon-ms</Extensions>
    </Filter>
    <Filter Include="Resource Files\textures">
      <UniqueIdentifier>{c863e01d-03f3-41bf-96ea-461a3620f413}</UniqueIdentifier>
    </Filter>
    <Filter Include="Resource Files\objects">
      <UniqueIdentifier>{f2e71880-3635-42b1-8628-a9a8b255b868}</UniqueIdentifier>
    </Filter>
    <Filter Include="Resource Files\objects\bus">
      <UniqueIdentifier>{65e747cb-a6e7-4b74-af3c-b94b0ff103b2}</UniqueIdentifier>
    </Filter>
    <Filter Include="Resource Files\objects\earth">
      <UniqueIdentifier>{4c20c3ba-6e15-4a66-9646-ba6cd8f6d29d}</UniqueIdentifier>
    </Filter>
  </ItemGroup>
  <ItemGroup>
    <ClCompile Include="Assessment2.cpp">
      <Filter>Source Files</Filter>
    </ClCompile>
    <ClCompile Include="..\..\include\GL\gl3w.c">
      <Filter>Source Files</Filter>
    </ClCompile>
  </ItemGroup>
  <ItemGroup>
    <ClInclude Include="..\..\include\bitmap.h">
      <Filter>Header Files</Filter>
    </ClInclude>
    <ClInclude Include="..\..\include\camera.h">
      <Filter>Header Files</Filter>
    </ClInclude>
    <ClInclude Include="..\..\include\error.h">
      <Filter>Header Files</Filter>
    </ClInclude>
    <ClInclude Include="..\..\include\file.h">
      <Filter>Header Files</Filter>
    </ClInclude>
    <ClInclude Include="..\..\include\light.h">
      <Filter>Header Files</Filter>
    </ClInclude>
    <ClInclude Include="..\..\include\object_parser.h">
      <Filter>Header Files</Filter>
    </ClInclude>
    <ClInclude Include="..\..\include\shader.h">
      <Filter>Header Files</Filter>
    </ClInclude>
    <ClInclude Include="..\..\include\shadow.h">
      <Filter>Header Files</Filter>
    </ClInclude>
    <ClInclude Include="..\..\include\stb_image.h">
      <Filter>Header Files</Filter>
    </ClInclude>
    <ClInclude Include="..\..\include\texture.h">
      <Filter>Header Files</Filter>
    </ClInclude>
    <ClInclude Include="..\..\include\tiny_obj_loader.h">
      <Filter>Header Files</Filter>
    </ClInclude>
    <ClInclude Include="model.h">
      <Filter>Header Files</Filter>
    </ClInclude>
  </ItemGroup>
  <ItemGroup>
    <None Include="pbr.frag">
      <Filter>Source Files</Filter>
    </None>
    <None Include="pbr.vert">
      <Filter>Source Files</Filter>
    </None>
    <None Include="shadow.frag">
      <Filter>Source Files</Filter>
    </None>
    <None Include="shadow.vert">
      <Filter>Source Files</Filter>
    </None>
    <None Include="shadowCubeMap.frag">
      <Filter>Source Files</Filter>
    </None>
    <None Include="shadowCubeMap.geom">
      <Filter>Source Files</Filter>
    </None>
    <None Include="shadowCubeMap.vert">
      <Filter>Source Files</Filter>
    </None>
  </ItemGroup>
  <ItemGroup>
    <Image Include="..\textures\ocean-rock_albedo.png">
      <Filter>Resource Files\textures</Filter>
    </Image>
    <Image Include="..\textures\ocean-rock_ao.png">
      <Filter>Resource Files\textures</Filter>
    </Image>
    <Image Include="..\textures\ocean-rock_height.png">
      <Filter>Resource Files\textures</Filter>
    </Image>
    <Image Include="..\textures\ocean-rock_metallic.png">
      <Filter>Resource Files\textures</Filter>
    </Image>
    <Image Include="..\textures\ocean-rock_normal-dx.png">
      <Filter>Resource Files\textures</Filter>
    </Image>
    <Image Include="..\textures\ocean-rock_preview.jpg">
      <Filter>Resource Files\textures</Filter>
    </Image>
    <Image Include="..\textures\ocean-rock_roughness.png">
      <Filter>Resource Files\textures</Filter>
    </Image>
    <Image Include="..\objects\generic-town-bus\df.png">
      <Filter>Resource Files\objects\bus</Filter>
    </Image>
    <Image Include="..\..\..\COMP3011 - Graphics\self study 9\self study 9\objs\earth\map.jpg">
      <Filter>Resource Files\objects\earth</Filter>
    </Image>
  </ItemGroup>
  <ItemGroup>
    <Object Include="..\objects\generic-town-bus\bus.obj">
      <Filter>Resource Files\objects\bus</Filter>
    </Object>
    <Object Include="..\objects\earth\earth.obj">
      <Filter>Resource Files\objects\earth</Filter>
    </Object>
  </ItemGroup>
</Project>